
Microsoft Visual Studio Solution File, Format Version 12.00
# Visual Studio Version 16
VisualStudioVersion = 16.0.33423.256
MinimumVisualStudioVersion = 10.0.40219.1
Project("{FAE04EC0-301F-11D3-BF4B-00C04F79EFBC}") = "vscam", "vscam.csproj", "{B0800B75-F13A-465C-8225-69A293A507FB}"
EndProject
Global
	GlobalSection(SolutionConfigurationPlatforms) = preSolution
		Debug|Any CPU = Debug|Any CPU
		Release|Any CPU = Release|Any CPU
	EndGlobalSection
	GlobalSection(ProjectConfigurationPlatforms) = postSolution
		{B0800B75-F13A-465C-8225-69A293A507FB}.Debug|Any CPU.ActiveCfg = Debug|Any CPU
		{B0800B75-F13A-465C-8225-69A293A507FB}.Debug|Any CPU.Build.0 = Debug|Any CPU
		{B0800B75-F13A-465C-8225-69A293A507FB}.Release|Any CPU.ActiveCfg = Release|Any CPU
		{B0800B75-F13A-465C-8225-69A293A507FB}.Release|Any CPU.Build.0 = Release|Any CPU
	EndGlobalSection
	GlobalSection(SolutionProperties) = preSolution
		HideSolutionNode = FALSE
	EndGlobalSection
	GlobalSection(ExtensibilityGlobals) = postSolution
		SolutionGuid = {5A380D0A-4090-4BD4-BF65-AE85DFFB6168}
	EndGlobalSection
EndGlobal
